{
  "name": "backend-frontend",
  "version": "0.1.0",
  "lockfileVersion": 1,
  "requires": true,
  "dependencies": {
    "async": {
      "version": "3.2.4",
      "resolved": "https://registry.npmjs.org/async/-/async-3.2.4.tgz",
      "integrity": "sha512-iAB+JbDEGXhyIUavoDl9WP/Jj106Kz9DEn1DPgYw5ruDn0e3Wgi3sKFm55sASdGBNOQB8F59d9qQ7deqrHA8wQ=="
    },
    "chart.js": {
      "version": "3.9.1",
      "resolved": "https://registry.npmjs.org/chart.js/-/chart.js-3.9.1.tgz",
      "integrity": "sha512-Ro2JbLmvg83gXF5F4sniaQ+lTbSv18E+TIf2cOeiH1Iqd2PGFOtem+DUufMZsCJwFE7ywPOpfXFBwRTGq7dh6w=="
    },
    "mongoose-autopopulate": {
      "version": "0.16.1",
      "resolved": "https://registry.npmjs.org/mongoose-autopopulate/-/mongoose-autopopulate-0.16.1.tgz",
      "integrity": "sha512-/wWogmjgAbry7E0u99E6ulwLc522ubQRNdbLdsSJEQ10DBFUOMOzNHMsNs0NhILps+vRm9xcqxSAsqav6APviQ=="
    },
    "vue-chartjs": {
      "version": "4.1.2",
      "resolved": "https://registry.npmjs.org/vue-chartjs/-/vue-chartjs-4.1.2.tgz",
      "integrity": "sha512-QSggYjeFv/L4jFSBQpX8NzrAvX0B+Ha6nDgxkTG8tEXxYOOTwKI4phRLe+B4f+REnkmg7hgPY24R0cixZJyXBg=="
    }
  }
}
